lockVersion: 2.0.0
id: 670bc670-7851-4cc2-9925-712299dd04a0
management:
  docChecksum: 2c5886f131333739bac7ed953d9b5ce1
  docVersion: 0.1.0
  speakeasyVersion: internal
  generationVersion: 2.225.2
  releaseVersion: 0.7.4
  configChecksum: 7772789c8d23a544e684a52535b36350
  repoURL: https://github.com/speakeasy-sdks/netevia-csharp-sdk.git
  repoSubDirectory: .
  published: true
features:
  csharp:
    core: 3.3.0
    globalServerURLs: 2.82.2
    groups: 2.81.2
    nameOverrides: 2.81.1
  python:
    core: 2.85.3
    errors: 2.81.3
    examples: 2.81.1
    flattening: 2.81.1
    globalSecurity: 2.81.1
    globalServerURLs: 2.82.0
    inputOutputModels: 2.81.1
    serverIDs: 2.81.1
generatedFiles:
  - Netevia/TransactionV2.cs
  - Netevia/ACHCreditTransactionV2.cs
  - Netevia/ACHDebitTransactionV2.cs
  - Netevia/TransactionAuthV2.cs
  - Netevia/BatchTransaction.cs
  - Netevia/BatchQueryV2.cs
  - Netevia/TransactionInfoV2.cs
  - Netevia/GiftTransactionV2.cs
  - Netevia/CloudPDCIngenicoTransactionV2.cs
  - Netevia/CloudPDCRefundv2.cs
  - Netevia/CloudPDCSaleTransactionV2.cs
  - Netevia/ModifyTransactionV2.cs
  - Netevia/RefundTransctionV2.cs
  - Netevia/SaleTransactionV2.cs
  - Netevia/TokenTransactionV2.cs
  - Netevia/VerifyTransactionV2.cs
  - Netevia/VoidTransactionV2.cs
  - Netevia/DesktopPDCTransactionV2.cs
  - Netevia/PaymentDeviceController.cs
  - Netevia/CloudPDCRefund.cs
  - Netevia/CloudPDCSaleTransaction.cs
  - Netevia/Transaction.cs
  - Netevia/QRPayTransaction.cs
  - Netevia/ACHCreditTransaction.cs
  - Netevia/ACHDebitTransaction.cs
  - Netevia/Auth.cs
  - Netevia/TransInfo.cs
  - Netevia/GiftTransaction.cs
  - Netevia/Refund.cs
  - Netevia/SaleTransaction.cs
  - Netevia/TokenTransaction.cs
  - Netevia/Verify.cs
  - Netevia/GPayTransaction.cs
  - Netevia/DesktopPDCTransaction.cs
  - Netevia/Gateway.cs
  - Netevia/Utils/BigIntSerializer.cs
  - Netevia/Utils/DecimalSerializer.cs
  - Netevia/Utils/EnumSerializer.cs
  - Netevia/Utils/FlexibleObjectDeserializer.cs
  - Netevia/Utils/HeaderSerializer.cs
  - Netevia/Utils/IsoDateTimeSerializer.cs
  - Netevia/Utils/RequestBodySerializer.cs
  - Netevia/Utils/SecuritySerializer.cs
  - Netevia/Utils/SpeakeasyHttpClient.cs
  - Netevia/Utils/SpeakeasyMetadata.cs
  - Netevia/Utils/URLBuilder.cs
  - Netevia/Utils/Utilities.cs
  - Netevia/Netevia.csproj
  - Netevia.sln
  - Netevia/Models/Operations/RestAPIv2Request.cs
  - Netevia/Models/Operations/RestAPIv2Response.cs
  - Netevia/Models/Operations/RestAPIv2ACHCreditRequest.cs
  - Netevia/Models/Operations/RestAPIv2ACHCreditResponse.cs
  - Netevia/Models/Operations/RestAPIv2ACHDebitRequest.cs
  - Netevia/Models/Operations/RestAPIv2ACHDebitResponse.cs
  - Netevia/Models/Operations/RestAPIv2AuthRequest.cs
  - Netevia/Models/Operations/RestAPIv2AuthResponse.cs
  - Netevia/Models/Operations/RestAPIv2BatchRequest.cs
  - Netevia/Models/Operations/RestAPIv2BatchResponse.cs
  - Netevia/Models/Operations/BatchAPIv2Request.cs
  - Netevia/Models/Operations/BatchAPIv2Response.cs
  - Netevia/Models/Operations/RestAPIv2GetTransInfoRequest.cs
  - Netevia/Models/Operations/RestAPIv2GetTransInfoResponse.cs
  - Netevia/Models/Operations/RestAPIv2GiftRequest.cs
  - Netevia/Models/Operations/RestAPIv2GiftResponse.cs
  - Netevia/Models/Operations/ControlCloudPDCv2IngenicoRequest.cs
  - Netevia/Models/Operations/ControlCloudPDCv2IngenicoResponse.cs
  - Netevia/Models/Operations/InitiateCloudPDCv2RefundRequest.cs
  - Netevia/Models/Operations/InitiateCloudPDCv2RefundResponse.cs
  - Netevia/Models/Operations/InitiateCloudPDCv2SaleRequest.cs
  - Netevia/Models/Operations/InitiateCloudPDCv2SaleResponse.cs
  - Netevia/Models/Operations/RestAPIv2ModifyRequest.cs
  - Netevia/Models/Operations/RestAPIv2ModifyResponse.cs
  - Netevia/Models/Operations/RestAPIv2RefundRequest.cs
  - Netevia/Models/Operations/RestAPIv2RefundResponse.cs
  - Netevia/Models/Operations/RestAPIv2SaleRequest.cs
  - Netevia/Models/Operations/RestAPIv2SaleResponse.cs
  - Netevia/Models/Operations/RestAPIv2TokenRequest.cs
  - Netevia/Models/Operations/RestAPIv2TokenResponse.cs
  - Netevia/Models/Operations/RestAPIv2VerifyInquiryRequest.cs
  - Netevia/Models/Operations/RestAPIv2VerifyInquiryResponse.cs
  - Netevia/Models/Operations/RestAPIv2VoidRequest.cs
  - Netevia/Models/Operations/RestAPIv2VoidResponse.cs
  - Netevia/Models/Operations/ControlDesktopPDCv2Request.cs
  - Netevia/Models/Operations/ControlDesktopPDCv2Response.cs
  - Netevia/Models/Operations/ControlCloudPDCResponse.cs
  - Netevia/Models/Operations/InitiateCloudPDCRefundResponse.cs
  - Netevia/Models/Operations/InitiateCloudPDCSaleResponse.cs
  - Netevia/Models/Operations/RestAPIBatchResponse.cs
  - Netevia/Models/Operations/BatchAPIResponse.cs
  - Netevia/Models/Operations/RestAPIResponse.cs
  - Netevia/Models/Operations/RestAPIModifyResponse.cs
  - Netevia/Models/Operations/RestAPIVoidResponse.cs
  - Netevia/Models/Operations/IntegrateQRPayResponse.cs
  - Netevia/Models/Operations/RestAPIACHCreditResponse.cs
  - Netevia/Models/Operations/RestAPIACHDebitResponse.cs
  - Netevia/Models/Operations/RestAPIAuthResponse.cs
  - Netevia/Models/Operations/RestAPIGetTransInfoResponse.cs
  - Netevia/Models/Operations/RestAPIGiftResponse.cs
  - Netevia/Models/Operations/RestAPIRefundResponse.cs
  - Netevia/Models/Operations/RestAPISaleResponse.cs
  - Netevia/Models/Operations/CardTokenResponse.cs
  - Netevia/Models/Operations/RestAPIVerifyInquiryResponse.cs
  - Netevia/Models/Operations/RestGPayResponse.cs
  - Netevia/Models/Operations/ControlDesktopPDCResponse.cs
  - Netevia/Models/Shared/TransType.cs
  - Netevia/Models/Shared/TerminalType.cs
  - Netevia/Models/Shared/NeedSwipeCard.cs
  - docs/Models/Operations/RestAPIv2Request.md
  - docs/Models/Operations/RestAPIv2Response.md
  - docs/Models/Operations/RestAPIv2ACHCreditRequest.md
  - docs/Models/Operations/RestAPIv2ACHCreditResponse.md
  - docs/Models/Operations/RestAPIv2ACHDebitRequest.md
  - docs/Models/Operations/RestAPIv2ACHDebitResponse.md
  - docs/Models/Operations/RestAPIv2AuthRequest.md
  - docs/Models/Operations/RestAPIv2AuthResponse.md
  - docs/Models/Operations/RestAPIv2BatchRequest.md
  - docs/Models/Operations/RestAPIv2BatchResponse.md
  - docs/Models/Operations/BatchAPIv2Request.md
  - docs/Models/Operations/BatchAPIv2Response.md
  - docs/Models/Operations/RestAPIv2GetTransInfoRequest.md
  - docs/Models/Operations/RestAPIv2GetTransInfoResponse.md
  - docs/Models/Operations/RestAPIv2GiftRequest.md
  - docs/Models/Operations/RestAPIv2GiftResponse.md
  - docs/Models/Operations/ControlCloudPDCv2IngenicoRequest.md
  - docs/Models/Operations/ControlCloudPDCv2IngenicoResponse.md
  - docs/Models/Operations/InitiateCloudPDCv2RefundRequest.md
  - docs/Models/Operations/InitiateCloudPDCv2RefundResponse.md
  - docs/Models/Operations/InitiateCloudPDCv2SaleRequest.md
  - docs/Models/Operations/InitiateCloudPDCv2SaleResponse.md
  - docs/Models/Operations/RestAPIv2ModifyRequest.md
  - docs/Models/Operations/RestAPIv2ModifyResponse.md
  - docs/Models/Operations/RestAPIv2RefundRequest.md
  - docs/Models/Operations/RestAPIv2RefundResponse.md
  - docs/Models/Operations/RestAPIv2SaleRequest.md
  - docs/Models/Operations/RestAPIv2SaleResponse.md
  - docs/Models/Operations/RestAPIv2TokenRequest.md
  - docs/Models/Operations/RestAPIv2TokenResponse.md
  - docs/Models/Operations/RestAPIv2VerifyInquiryRequest.md
  - docs/Models/Operations/RestAPIv2VerifyInquiryResponse.md
  - docs/Models/Operations/RestAPIv2VoidRequest.md
  - docs/Models/Operations/RestAPIv2VoidResponse.md
  - docs/Models/Operations/ControlDesktopPDCv2Request.md
  - docs/Models/Operations/ControlDesktopPDCv2Response.md
  - docs/Models/Operations/ControlCloudPDCResponse.md
  - docs/Models/Operations/InitiateCloudPDCRefundResponse.md
  - docs/Models/Operations/InitiateCloudPDCSaleResponse.md
  - docs/Models/Operations/RestAPIBatchResponse.md
  - docs/Models/Operations/BatchAPIResponse.md
  - docs/Models/Operations/RestAPIResponse.md
  - docs/Models/Operations/RestAPIModifyResponse.md
  - docs/Models/Operations/RestAPIVoidResponse.md
  - docs/Models/Operations/IntegrateQRPayResponse.md
  - docs/Models/Operations/RestAPIACHCreditResponse.md
  - docs/Models/Operations/RestAPIACHDebitResponse.md
  - docs/Models/Operations/RestAPIAuthResponse.md
  - docs/Models/Operations/RestAPIGetTransInfoResponse.md
  - docs/Models/Operations/RestAPIGiftResponse.md
  - docs/Models/Operations/RestAPIRefundResponse.md
  - docs/Models/Operations/RestAPISaleResponse.md
  - docs/Models/Operations/CardTokenResponse.md
  - docs/Models/Operations/RestAPIVerifyInquiryResponse.md
  - docs/Models/Operations/RestGPayResponse.md
  - docs/Models/Operations/ControlDesktopPDCResponse.md
  - docs/Models/Shared/TransType.md
  - docs/Models/Shared/TerminalType.md
  - docs/Models/Shared/NeedSwipeCard.md
  - docs/sdks/gateway/README.md
  - docs/sdks/transactionv2/README.md
  - docs/sdks/achcredittransactionv2/README.md
  - docs/sdks/achdebittransactionv2/README.md
  - docs/sdks/transactionauthv2/README.md
  - docs/sdks/batchtransaction/README.md
  - docs/sdks/batchqueryv2/README.md
  - docs/sdks/transactioninfov2/README.md
  - docs/sdks/gifttransactionv2/README.md
  - docs/sdks/cloudpdcingenicotransactionv2/README.md
  - docs/sdks/cloudpdcrefundv2/README.md
  - docs/sdks/cloudpdcsaletransactionv2/README.md
  - docs/sdks/modifytransactionv2/README.md
  - docs/sdks/refundtransctionv2/README.md
  - docs/sdks/saletransactionv2/README.md
  - docs/sdks/tokentransactionv2/README.md
  - docs/sdks/verifytransactionv2/README.md
  - docs/sdks/voidtransactionv2/README.md
  - docs/sdks/desktoppdctransactionv2/README.md
  - docs/sdks/paymentdevicecontroller/README.md
  - docs/sdks/cloudpdcrefund/README.md
  - docs/sdks/cloudpdcsaletransaction/README.md
  - docs/sdks/transaction/README.md
  - docs/sdks/qrpaytransaction/README.md
  - docs/sdks/achcredittransaction/README.md
  - docs/sdks/achdebittransaction/README.md
  - docs/sdks/auth/README.md
  - docs/sdks/transinfo/README.md
  - docs/sdks/gifttransaction/README.md
  - docs/sdks/refund/README.md
  - docs/sdks/saletransaction/README.md
  - docs/sdks/tokentransaction/README.md
  - docs/sdks/verify/README.md
  - docs/sdks/gpaytransaction/README.md
  - docs/sdks/desktoppdctransaction/README.md
  - USAGE.md
  - .gitattributes
